
Microsoft Visual Studio Solution File, Format Version 10.00
# Visual Studio 2008
Project("{FAE04EC0-301F-11D3-BF4B-00C04F79EFBC}") = "Rihma.FindGolfBalls", "Rihma.FindGolfBalls\Rihma.FindGolfBalls.csproj", "{80D214FD-7084-4320-8414-A879129EBCAD}"
EndProject
Global
	GlobalSection(SolutionConfigurationPlatforms) = preSolution
		Debug|Any CPU = Debug|Any CPU
		Release|Any CPU = Release|Any CPU
	EndGlobalSection
	GlobalSection(ProjectConfigurationPlatforms) = postSolution
		{80D214FD-7084-4320-8414-A879129EBCAD}.Debug|Any CPU.ActiveCfg = Debug|Any CPU
		{80D214FD-7084-4320-8414-A879129EBCAD}.Debug|Any CPU.Build.0 = Debug|Any CPU
		{80D214FD-7084-4320-8414-A879129EBCAD}.Release|Any CPU.ActiveCfg = Release|Any CPU
		{80D214FD-7084-4320-8414-A879129EBCAD}.Release|Any CPU.Build.0 = Release|Any CPU
	EndGlobalSection
	GlobalSection(SolutionProperties) = preSolution
		HideSolutionNode = FALSE
	EndGlobalSection
EndGlobal
