
Microsoft Visual Studio Solution File, Format Version 11.00
# Visual Studio 2010
# SharpDevelop 4.0.0.6842
Project("{FAE04EC0-301F-11D3-BF4B-00C04F79EFBC}") = "Robin.RetroEncabulator", "Robin.RetroEncabulator.csproj", "{EE5171C9-1700-46FF-9A30-3D38C557F0DC}"
EndProject
Project("{FAE04EC0-301F-11D3-BF4B-00C04F79EFBC}") = "Robin.Core", "..\Robin.Core\Robin.Core.csproj", "{D45AF369-69AC-43B6-99EA-2725C6CB880E}"
EndProject
Global
	GlobalSection(SolutionConfigurationPlatforms) = preSolution
		Debug|Any CPU = Debug|Any CPU
		Release|Any CPU = Release|Any CPU
		Debug|Any CPU = Debug|Any CPU
		Release|Any CPU = Release|Any CPU
	EndGlobalSection
	GlobalSection(ProjectConfigurationPlatforms) = postSolution
		{EE5171C9-1700-46FF-9A30-3D38C557F0DC}.Debug|Any CPU.Build.0 = Debug|Any CPU
		{EE5171C9-1700-46FF-9A30-3D38C557F0DC}.Debug|Any CPU.ActiveCfg = Debug|Any CPU
		{EE5171C9-1700-46FF-9A30-3D38C557F0DC}.Release|Any CPU.Build.0 = Release|Any CPU
		{EE5171C9-1700-46FF-9A30-3D38C557F0DC}.Release|Any CPU.ActiveCfg = Release|Any CPU
		{D45AF369-69AC-43B6-99EA-2725C6CB880E}.Debug|Any CPU.Build.0 = Debug|Any CPU
		{D45AF369-69AC-43B6-99EA-2725C6CB880E}.Debug|Any CPU.ActiveCfg = Debug|Any CPU
		{D45AF369-69AC-43B6-99EA-2725C6CB880E}.Release|Any CPU.Build.0 = Release|Any CPU
		{D45AF369-69AC-43B6-99EA-2725C6CB880E}.Release|Any CPU.ActiveCfg = Release|Any CPU
	EndGlobalSection
EndGlobal
